
Microsoft Visual Studio Solution File, Format Version 12.00
# Visual Studio Version 17
VisualStudioVersion = 17.7.34003.232
MinimumVisualStudioVersion = 10.0.40219.1
Project("{FAE04EC0-301F-11D3-BF4B-00C04F79EFBC}") = "Secenod tg bot", "Secenod tg bot\Secenod tg bot.csproj", "{D1EE5AB8-D6F6-42BB-A53A-7D75138DA592}"
EndProject
Global
	GlobalSection(SolutionConfigurationPlatforms) = preSolution
		Debug|Any CPU = Debug|Any CPU
		Release|Any CPU = Release|Any CPU
	EndGlobalSection
	GlobalSection(ProjectConfigurationPlatforms) = postSolution
		{D1EE5AB8-D6F6-42BB-A53A-7D75138DA592}.Debug|Any CPU.ActiveCfg = Debug|Any CPU
		{D1EE5AB8-D6F6-42BB-A53A-7D75138DA592}.Debug|Any CPU.Build.0 = Debug|Any CPU
		{D1EE5AB8-D6F6-42BB-A53A-7D75138DA592}.Release|Any CPU.ActiveCfg = Release|Any CPU
		{D1EE5AB8-D6F6-42BB-A53A-7D75138DA592}.Release|Any CPU.Build.0 = Release|Any CPU
	EndGlobalSection
	GlobalSection(SolutionProperties) = preSolution
		HideSolutionNode = FALSE
	EndGlobalSection
	GlobalSection(ExtensibilityGlobals) = postSolution
		SolutionGuid = {81D1DAE3-EA5C-49B8-BDE6-6A46D4023810}
	EndGlobalSection
EndGlobal
